Microsoft Visual Studio Solution File, Format Version 12.00
# Visual Studio 2019
VisualStudioVersion = 16.0.29911.84
MinimumVisualStudioVersion = 10.0.40219.1
Project("{FAE04EC0-301F-11D3-BF4B-00C04F79EFBC}") = "SCMWorx", "SCMWorx\SCMWorx.csproj", "{C8E2D1F0-0D2E-46F7-A82A-2C56F5E94A65}"
EndProject
Project("{FAE04EC0-301F-11D3-BF4B-00C04F79EFBC}") = "SCMWorxTests", "SCMWorxTests\SCMWorxTests.csproj", "{0AF9A1AB-8BC0-4010-B63D-8A1ACB9D8A23}"
EndProject
Global
    GlobalSection(SolutionConfigurationPlatforms) = preSolution
        Debug|Any CPU = Debug|Any CPU
        Release|Any CPU = Release|Any CPU
    EndGlobalSection
    GlobalSection(ProjectConfigurationPlatforms) = postSolution
        {C8E2D1F0-0D2E-46F7-A82A-2C56F5E94A65}.Debug|Any CPU.ActiveCfg = Debug|Any CPU
        {C8E2D1F0-0D2E-46F7-A82A-2C56F5E94A65}.Debug|Any CPU.Build.0 = Debug|Any CPU
        {C8E2D1F0-0D2E-46F7-A82A-2C56F5E94A65}.Release|Any CPU.ActiveCfg = Release|Any CPU
        {C8E2D1F0-0D2E-46F7-A82A-2C56F5E94A65}.Release|Any CPU.Build.0 = Release|Any CPU
        {0AF9A1AB-8BC0-4010-B63D-8A1ACB9D8A23}.Debug|Any CPU.ActiveCfg = Debug|Any CPU
        {0AF9A1AB-8BC0-4010-B63D-8A1ACB9D8A23}.Debug|Any CPU.Build.0 = Debug|Any CPU
        {0AF9A1AB-8BC0-4010-B63D-8A1ACB9D8A23}.Release|Any CPU.ActiveCfg = Release|Any CPU
        {0AF9A1AB-8BC0-4010-B63D-8A1ACB9D8A23}.Release|Any CPU.Build.0 = Release|Any CPU
    EndGlobalSection
EndGlobal
